
Microsoft Visual Studio Solution File, Format Version 12.00
# Visual Studio Version 17
VisualStudioVersion = 17.13.35825.156 d17.13
MinimumVisualStudioVersion = 10.0.40219.1
Project("{FAE04EC0-301F-11D3-BF4B-00C04F79EFBC}") = "Recuriment_Platform", "Recuriment_Platform.csproj", "{EC6702E8-44AA-44E4-9CBE-685B25DF6423}"
EndProject
Global
	GlobalSection(SolutionConfigurationPlatforms) = preSolution
		Debug|Any CPU = Debug|Any CPU
		Release|Any CPU = Release|Any CPU
	EndGlobalSection
	GlobalSection(ProjectConfigurationPlatforms) = postSolution
		{EC6702E8-44AA-44E4-9CBE-685B25DF6423}.Debug|Any CPU.ActiveCfg = Debug|Any CPU
		{EC6702E8-44AA-44E4-9CBE-685B25DF6423}.Debug|Any CPU.Build.0 = Debug|Any CPU
		{EC6702E8-44AA-44E4-9CBE-685B25DF6423}.Release|Any CPU.ActiveCfg = Release|Any CPU
		{EC6702E8-44AA-44E4-9CBE-685B25DF6423}.Release|Any CPU.Build.0 = Release|Any CPU
	EndGlobalSection
	GlobalSection(SolutionProperties) = preSolution
		HideSolutionNode = FALSE
	EndGlobalSection
	GlobalSection(ExtensibilityGlobals) = postSolution
		SolutionGuid = {D58960B6-614D-4AD4-B5DE-4E250245BC8D}
	EndGlobalSection
EndGlobal
